// !$*UTF8*$!
{
	archiveVersion = 1;
	classes = {
	};
	objectVersion = 46;
	objects = {

/* Begin PBXBuildFile section */
		812271191DFB6CF300243C26 /* AppDelegate.swift in Sources */ = {isa = PBXBuildFile; fileRef = 812271181DFB6CF300243C26 /* AppDelegate.swift */; };
		8122711B1DFB6CF300243C26 /* ViewController.swift in Sources */ = {isa = PBXBuildFile; fileRef = 8122711A1DFB6CF300243C26 /* ViewController.swift */; };
		8122711E1DFB6CF300243C26 /* Main.storyboard in Resources */ = {isa = PBXBuildFile; fileRef = 8122711C1DFB6CF300243C26 /* Main.storyboard */; };
		812271201DFB6CF300243C26 /* Assets.xcassets in Resources */ = {isa = PBXBuildFile; fileRef = 8122711F1DFB6CF300243C26 /* Assets.xcassets */; };
		812271231DFB6CF300243C26 /* LaunchScreen.storyboard in Resources */ = {isa = PBXBuildFile; fileRef = 812271211DFB6CF300243C26 /* LaunchScreen.storyboard */; };
		8122712E1DFB704500243C26 /* Services.swift in Sources */ = {isa = PBXBuildFile; fileRef = 8122712D1DFB704500243C26 /* Services.swift */; };
/* End PBXBuildFile section */

/* Begin PBXFileReference section */
		812271151DFB6CF300243C26 /* BlockBusters.app */ = {isa = PBXFileReference; explicitFileType = wrapper.application; includeInIndex = 0; path = BlockBusters.app; sourceTree = BUILT_PRODUCTS_DIR; };
		812271181DFB6CF300243C26 /* AppDelegate.swift */ = {isa = PBXFileReference; lastKnownFileType = sourcecode.swift; path = AppDelegate.swift; sourceTree = "<group>"; };
		8122711A1DFB6CF300243C26 /* ViewController.swift */ = {isa = PBXFileReference; lastKnownFileType = sourcecode.swift; path = ViewController.swift; sourceTree = "<group>"; };
		8122711D1DFB6CF300243C26 /* Base */ = {isa = PBXFileReference; lastKnownFileType = file.storyboard; name = Base; path = Base.lproj/Main.storyboard; sourceTree = "<group>"; };
		8122711F1DFB6CF300243C26 /* Assets.xcassets */ = {isa = PBXFileReference; lastKnownFileType = folder.assetcatalog; path = Assets.xcassets; sourceTree = "<group>"; };
		812271221DFB6CF300243C26 /* Base */ = {isa = PBXFileReference; lastKnownFileType = file.storyboard; name = Base; path = Base.lproj/LaunchScreen.storyboard; sourceTree = "<group>"; };
		812271241DFB6CF300243C26 /* Info.plist */ = {isa = PBXFileReference; lastKnownFileType = text.plist.xml; path = Info.plist; sourceTree = "<group>"; };
		8122712D1DFB704500243C26 /* Services.swift */ = {isa = PBXFileReference; fileEncoding = 4; lastKnownFileType = sourcecode.swift; path = Services.swift; sourceTree = "<group>"; };
/* End PBXFileReference section */

/* Begin PBXFrameworksBuildPhase section */
		812271121DFB6CF300243C26 /* Frameworks */ = {
			isa = PBXFrameworksBuildPhase;
			buildActionMask = 2147483647;
			files = (
			);
			runOnlyForDeploymentPostprocessing = 0;
		};
/* End PBXFrameworksBuildPhase section */

/* Begin PBXGroup section */
		8122710C1DFB6CF300243C26 = {
			isa = PBXGroup;
			children = (
				812271171DFB6CF300243C26 /* BlockBusters */,
				812271161DFB6CF300243C26 /* Products */,
			);
			sourceTree = "<group>";
		};
		812271161DFB6CF300243C26 /* Products */ = {
			isa = PBXGroup;
			children = (
				812271151DFB6CF300243C26 /* BlockBusters.app */,
			);
			name = Products;
			sourceTree = "<group>";
		};
		812271171DFB6CF300243C26 /* BlockBusters */ = {
			isa = PBXGroup;
			children = (
				812271181DFB6CF300243C26 /* AppDelegate.swift */,
				8122712B1DFB6E6300243C26 /* View */,
				8122712A1DFB6E5200243C26 /* Model */,
				8122712C1DFB6E6B00243C26 /* Controller */,
				8122711C1DFB6CF300243C26 /* Main.storyboard */,
				8122711F1DFB6CF300243C26 /* Assets.xcassets */,
				812271211DFB6CF300243C26 /* LaunchScreen.storyboard */,
				812271241DFB6CF300243C26 /* Info.plist */,
			);
			path = BlockBusters;
			sourceTree = "<group>";
		};
		8122712A1DFB6E5200243C26 /* Model */ = {
			isa = PBXGroup;
			children = (
				8122712D1DFB704500243C26 /* Services.swift */,
			);
			name = Model;
			sourceTree = "<group>";
		};
		8122712B1DFB6E6300243C26 /* View */ = {
			isa = PBXGroup;
			children = (
			);
			name = View;
			sourceTree = "<group>";
		};
		8122712C1DFB6E6B00243C26 /* Controller */ = {
			isa = PBXGroup;
			children = (
				8122711A1DFB6CF300243C26 /* ViewController.swift */,
			);
			name = Controller;
			sourceTree = "<group>";
		};
/* End PBXGroup section */

/* Begin PBXNativeTarget section */
		812271141DFB6CF300243C26 /* BlockBusters */ = {
			isa = PBXNativeTarget;
			buildConfigurationList = 812271271DFB6CF300243C26 /* Build configuration list for PBXNativeTarget "BlockBusters" */;
			buildPhases = (
				812271111DFB6CF300243C26 /* Sources */,
				812271121DFB6CF300243C26 /* Frameworks */,
				812271131DFB6CF300243C26 /* Resources */,
			);
			buildRules = (
			);
			dependencies = (
			);
			name = BlockBusters;
			productName = BlockBusters;
			productReference = 812271151DFB6CF300243C26 /* BlockBusters.app */;
			productType = "com.apple.product-type.application";
		};
/* End PBXNativeTarget section */

/* Begin PBXProject section */
		8122710D1DFB6CF300243C26 /* Project object */ = {
			isa = PBXProject;
			attributes = {
				LastSwiftUpdateCheck = 0810;
				LastUpgradeCheck = 0810;
				ORGANIZATIONNAME = "Ricky Velasquez";
				TargetAttributes = {
					812271141DFB6CF300243C26 = {
						CreatedOnToolsVersion = 8.1;
						DevelopmentTeam = EYW9U32UG7;
						ProvisioningStyle = Automatic;
					};
				};
			};
			buildConfigurationList = 812271101DFB6CF300243C26 /* Build configuration list for PBXProject "BlockBusters" */;
			compatibilityVersion = "Xcode 3.2";
			developmentRegion = English;
			hasScannedForEncodings = 0;
			knownRegions = (
				en,
				Base,
			);
			mainGroup = 8122710C1DFB6CF300243C26;
			productRefGroup = 812271161DFB6CF300243C26 /* Products */;
			projectDirPath = "";
			projectRoot = "";
			targets = (
				812271141DFB6CF300243C26 /* BlockBusters */,
			);
		};
/* End PBXProject section */

/* Begin PBXResourcesBuildPhase section */
		812271131DFB6CF300243C26 /* Resources */ = {
			isa = PBXResourcesBuildPhase;
			buildActionMask = 2147483647;
			files = (
				812271231DFB6CF300243C26 /* LaunchScreen.storyboard in Resources */,
				812271201DFB6CF300243C26 /* Assets.xcassets in Resources */,
				8122711E1DFB6CF300243C26 /* Main.storyboard in Resources */,
			);
			runOnlyForDeploymentPostprocessing = 0;
		};
/* End PBXResourcesBuildPhase section */

/* Begin PBXSourcesBuildPhase section */
		812271111DFB6CF300243C26 /* Sources */ = {
			isa = PBXSourcesBuildPhase;
			buildActionMask = 2147483647;
			files = (
				8122711B1DFB6CF300243C26 /* ViewController.swift in Sources */,
				8122712E1DFB704500243C26 /* Services.swift in Sources */,
				812271191DFB6CF300243C26 /* AppDelegate.swift in Sources */,
			);
			runOnlyForDeploymentPostprocessing = 0;
		};
/* End PBXSourcesBuildPhase section */

/* Begin PBXVariantGroup section */
		8122711C1DFB6CF300243C26 /* Main.storyboard */ = {
			isa = PBXVariantGroup;
			children = (
				8122711D1DFB6CF300243C26 /* Base */,
			);
			name = Main.storyboard;
			sourceTree = "<group>";
		};
		812271211DFB6CF300243C26 /* LaunchScreen.storyboard */ = {
			isa = PBXVariantGroup;
			children = (
				812271221DFB6CF300243C26 /* Base */,
			);
			name = LaunchScreen.storyboard;
			sourceTree = "<group>";
		};
/* End PBXVariantGroup section */

/* Begin XCBuildConfiguration section */
		812271251DFB6CF300243C26 /* Debug */ = {
			isa = XCBuildConfiguration;
			buildSettings = {
				ALWAYS_SEARCH_USER_PATHS = NO;
				CLANG_ANALYZER_NONNULL = YES;
				CLANG_CXX_LANGUAGE_STANDARD = "gnu++0x";
				CLANG_CXX_LIBRARY = "libc++";
				CLANG_ENABLE_MODULES = YES;
				CLANG_ENABLE_OBJC_ARC = YES;
				CLANG_WARN_BOOL_CONVERSION = YES;
				CLANG_WARN_CONSTANT_CONVERSION = YES;
				CLANG_WARN_DIRECT_OBJC_ISA_USAGE = YES_ERROR;
				CLANG_WARN_DOCUMENTATION_COMMENTS = YES;
				CLANG_WARN_EMPTY_BODY = YES;
				CLANG_WARN_ENUM_CONVERSION = YES;
				CLANG_WARN_INFINITE_RECURSION = YES;
				CLANG_WARN_INT_CONVERSION = YES;
				CLANG_WARN_OBJC_ROOT_CLASS = YES_ERROR;
				CLANG_WARN_SUSPICIOUS_MOVES = YES;
				CLANG_WARN_UNREACHABLE_CODE = YES;
				CLANG_WARN__DUPLICATE_METHOD_MATCH = YES;
				"CODE_SIGN_IDENTITY[sdk=iphoneos*]" = "iPhone Developer";
				COPY_PHASE_STRIP = NO;
				DEBUG_INFORMATION_FORMAT = dwarf;
				ENABLE_STRICT_OBJC_MSGSEND = YES;
				ENABLE_TESTABILITY = YES;
				GCC_C_LANGUAGE_STANDARD = gnu99;
				GCC_DYNAMIC_NO_PIC = NO;
				GCC_NO_COMMON_BLOCKS = YES;
				GCC_OPTIMIZATION_LEVEL = 0;
				GCC_PREPROCESSOR_DEFINITIONS = (
					"DEBUG=1",
					"$(inherited)",
				);
				GCC_WARN_64_TO_32_BIT_CONVERSION = YES;
				GCC_WARN_ABOUT_RETURN_TYPE = YES_ERROR;
				GCC_WARN_UNDECLARED_SELECTOR = YES;
				GCC_WARN_UNINITIALIZED_AUTOS = YES_AGGRESSIVE;
				GCC_WARN_UNUSED_FUNCTION = YES;
				GCC_WARN_UNUSED_VARIABLE = YES;
				IPHONEOS_DEPLOYMENT_TARGET = 10.1;
				MTL_ENABLE_DEBUG_INFO = YES;
				ONLY_ACTIVE_ARCH = YES;
				SDKROOT = iphoneos;
				SWIFT_ACTIVE_COMPILATION_CONDITIONS = DEBUG;
				SWIFT_OPTIMIZATION_LEVEL = "-Onone";
				TARGETED_DEVICE_FAMILY = "1,2";
			};
			name = Debug;
		};
		812271261DFB6CF300243C26 /* Release */ = {
			isa = XCBuildConfiguration;
			buildSettings = {
				ALWAYS_SEARCH_USER_PATHS = NO;
				CLANG_ANALYZER_NONNULL = YES;
				CLANG_CXX_LANGUAGE_STANDARD = "gnu++0x";
				CLANG_CXX_LIBRARY = "libc++";
				CLANG_ENABLE_MODULES = YES;
				CLANG_ENABLE_OBJC_ARC = YES;
				CLANG_WARN_BOOL_CONVERSION = YES;
				CLANG_WARN_CONSTANT_CONVERSION = YES;
				CLANG_WARN_DIRECT_OBJC_ISA_USAGE = YES_ERROR;
				CLANG_WARN_DOCUMENTATION_COMMENTS = YES;
				CLANG_WARN_EMPTY_BODY = YES;
				CLANG_WARN_ENUM_CONVERSION = YES;
				CLANG_WARN_INFINITE_RECURSION = YES;
				CLANG_WARN_INT_CONVERSION = YES;
				CLANG_WARN_OBJC_ROOT_CLASS = YES_ERROR;
				CLANG_WARN_SUSPICIOUS_MOVES = YES;
				CLANG_WARN_UNREACHABLE_CODE = YES;
				CLANG_WARN__DUPLICATE_METHOD_MATCH = YES;
				"CODE_SIGN_IDENTITY[sdk=iphoneos*]" = "iPhone Developer";
				COPY_PHASE_STRIP = NO;
				DEBUG_INFORMATION_FORMAT = "dwarf-with-dsym";
				ENABLE_NS_ASSERTIONS = NO;
				ENABLE_STRICT_OBJC_MSGSEND = YES;
				GCC_C_LANGUAGE_STANDARD = gnu99;
				GCC_NO_COMMON_BLOCKS = YES;
				GCC_WARN_64_TO_32_BIT_CONVERSION = YES;
				GCC_WARN_ABOUT_RETURN_TYPE = YES_ERROR;
				GCC_WARN_UNDECLARED_SELECTOR = YES;
				GCC_WARN_UNINITIALIZED_AUTOS = YES_AGGRESSIVE;
				GCC_WARN_UNUSED_FUNCTION = YES;
				GCC_WARN_UNUSED_VARIABLE = YES;
				IPHONEOS_DEPLOYMENT_TARGET = 10.1;
				MTL_ENABLE_DEBUG_INFO = NO;
				SDKROOT = iphoneos;
				SWIFT_OPTIMIZATION_LEVEL = "-Owholemodule";
				TARGETED_DEVICE_FAMILY = "1,2";
				VALIDATE_PRODUCT = YES;
			};
			name = Release;
		};
		812271281DFB6CF300243C26 /* Debug */ = {
			isa = XCBuildConfiguration;
			buildSettings = {
				ASSETCATALOG_COMPILER_APPICON_NAME = AppIcon;
				DEVELOPMENT_TEAM = EYW9U32UG7;
				INFOPLIST_FILE = BlockBusters/Info.plist;
				LD_RUNPATH_SEARCH_PATHS = "$(inherited) @executable_path/Frameworks";
				PRODUCT_BUNDLE_IDENTIFIER = com.zaplabs.BlockBusters;
				PRODUCT_NAME = "$(TARGET_NAME)";
				SWIFT_VERSION = 3.0;
			};
			name = Debug;
		};
		812271291DFB6CF300243C26 /* Release */ = {
			isa = XCBuildConfiguration;
			buildSettings = {
				ASSETCATALOG_COMPILER_APPICON_NAME = AppIcon;
				DEVELOPMENT_TEAM = EYW9U32UG7;
				INFOPLIST_FILE = BlockBusters/Info.plist;
				LD_RUNPATH_SEARCH_PATHS = "$(inherited) @executable_path/Frameworks";
				PRODUCT_BUNDLE_IDENTIFIER = com.zaplabs.BlockBusters;
				PRODUCT_NAME = "$(TARGET_NAME)";
				SWIFT_VERSION = 3.0;
			};
			name = Release;
		};
/* End XCBuildConfiguration section */

/* Begin XCConfigurationList section */
		812271101DFB6CF300243C26 /* Build configuration list for PBXProject "BlockBusters" */ = {
			isa = XCConfigurationList;
			buildConfigurations = (
				812271251DFB6CF300243C26 /* Debug */,
				812271261DFB6CF300243C26 /* Release */,
			);
			defaultConfigurationIsVisible = 0;
			defaultConfigurationName = Release;
		};
		812271271DFB6CF300243C26 /* Build configuration list for PBXNativeTarget "BlockBusters" */ = {
			isa = XCConfigurationList;
			buildConfigurations = (
				812271281DFB6CF300243C26 /* Debug */,
				812271291DFB6CF300243C26 /* Release */,
			);
			defaultConfigurationIsVisible = 0;
		};
/* End XCConfigurationList section */
	};
	rootObject = 8122710D1DFB6CF300243C26 /* Project object */;
}
